
Microsoft Visual Studio Solution File, Format Version 12.00
# Visual Studio 14
VisualStudioVersion = 14.0.25123.0
MinimumVisualStudioVersion = 10.0.40219.1
Project("{FAE04EC0-301F-11D3-BF4B-00C04F79EFBC}") = "VeryLargeSum", "HackerRankEjemplos\VeryLargeSum.csproj", "{8FEE5980-BF8F-4CF2-BBD9-10D81C14099B}"
EndProject
Project("{FAE04EC0-301F-11D3-BF4B-00C04F79EFBC}") = "Day1.DataTypes", "DataTypes\Day1.DataTypes.csproj", "{E6306E80-B8D2-41A0-A135-83E680BE5F8C}"
EndProject
Project("{FAE04EC0-301F-11D3-BF4B-00C04F79EFBC}") = "PlusMinus", "PlusMinus\PlusMinus.csproj", "{AB081F33-A77B-4515-8CD0-8E63B75D1BC9}"
EndProject
Project("{FAE04EC0-301F-11D3-BF4B-00C04F79EFBC}") = "Staircase", "Staircase\Staircase.csproj", "{7CB3C764-61AC-4D4D-B9A6-C4CC240AA084}"
EndProject
Project("{FAE04EC0-301F-11D3-BF4B-00C04F79EFBC}") = "TimeConversion", "TimeConversion\TimeConversion.csproj", "{01E89AB9-D353-4C94-97EE-021E760D303E}"
EndProject
Project("{FAE04EC0-301F-11D3-BF4B-00C04F79EFBC}") = "IntroTutorialChallenge", "IntroTutorialChallenge\IntroTutorialChallenge.csproj", "{E9A4D791-89F4-4275-B166-FE1762C50C85}"
EndProject
Project("{FAE04EC0-301F-11D3-BF4B-00C04F79EFBC}") = "InsertionSortPart1", "InsertionSortPart1\InsertionSortPart1.csproj", "{BB6F7EDC-B79B-4B8A-8CCB-FC1898C281CA}"
EndProject
Project("{FAE04EC0-301F-11D3-BF4B-00C04F79EFBC}") = "DiagonalDiference", "DiagonalDiference\DiagonalDiference.csproj", "{3994F785-D3ED-461F-8726-69159DBF96E3}"
EndProject
Project("{FAE04EC0-301F-11D3-BF4B-00C04F79EFBC}") = "AngryProfessor", "AngryProfessor\AngryProfessor.csproj", "{F2ED9B7B-6E96-4D48-8610-DA1E8C2B65E1}"
EndProject
Project("{FAE04EC0-301F-11D3-BF4B-00C04F79EFBC}") = "MessageSpaceandCiphertextSpace", "MessageSpaceandCiphertextSpace\MessageSpaceandCiphertextSpace.csproj", "{F6453263-308A-42E0-A214-63E38E93B1C3}"
EndProject
Project("{FAE04EC0-301F-11D3-BF4B-00C04F79EFBC}") = "Pangrams", "Pangrams\Pangrams.csproj", "{AA890B3A-8A2C-4DAE-8D18-F9EEEA9884A1}"
EndProject
Project("{FAE04EC0-301F-11D3-BF4B-00C04F79EFBC}") = "AltarnantingCharacters", "CharacterAltern\AltarnantingCharacters.csproj", "{3601559A-A56B-44C7-AC9D-C0E34045B47B}"
EndProject
Project("{FAE04EC0-301F-11D3-BF4B-00C04F79EFBC}") = "Day2.Operators", "Operators.30Days\Day2.Operators.csproj", "{294CCD74-3A10-4A5C-899D-975A3189CFEB}"
EndProject
Project("{FAE04EC0-301F-11D3-BF4B-00C04F79EFBC}") = "WeekOfCode20.DivisibleSumPairs", "WeekOfCode20.DivisibleSumPairs\WeekOfCode20.DivisibleSumPairs.csproj", "{C86395EE-F011-48BA-9D7D-E355E762EC6D}"
EndProject
Project("{FAE04EC0-301F-11D3-BF4B-00C04F79EFBC}") = "Day4.ClassvsInstance", "WeekOfCode20.ClassvsInstance\Day4.ClassvsInstance.csproj", "{C4B018DB-1772-4C30-8336-0B13B41EEEAD}"
EndProject
Project("{FAE04EC0-301F-11D3-BF4B-00C04F79EFBC}") = "Day5.Loops", "WeekOfCode.Loops\Day5.Loops.csproj", "{8124E202-E8DD-485D-B0F8-9E4460A37BF1}"
EndProject
Project("{FAE04EC0-301F-11D3-BF4B-00C04F79EFBC}") = "Day6.LetReview", "WeekOfCode20.LetReview\Day6.LetReview.csproj", "{C0F2A239-EE1A-47E4-A144-3E5F711035C8}"
EndProject
Project("{2150E333-8FDC-42A3-9474-1A3956D46DE8}") = "ExpresionRegular", "ExpresionRegular", "{5A1E61B7-3564-446C-9C00-9ABBB9B35F7F}"
EndProject
Project("{FAE04EC0-301F-11D3-BF4B-00C04F79EFBC}") = "ExpresionesRegulares", "ExpresionesRegulares\ExpresionesRegulares.csproj", "{BCBB5593-78B3-4840-ABE6-E7B64192D59B}"
EndProject
Project("{FAE04EC0-301F-11D3-BF4B-00C04F79EFBC}") = "Day7Arrays", "Day7Arrays\Day7Arrays.csproj", "{7F585D95-21E9-445E-A613-7F23C7492A48}"
EndProject
Project("{FAE04EC0-301F-11D3-BF4B-00C04F79EFBC}") = "Day8.DictionaryMaps", "Day8DictionaryMaps\Day8.DictionaryMaps.csproj", "{B3E3BD09-EC6E-4DA9-8382-DD5F4964A6A1}"
EndProject
Project("{FAE04EC0-301F-11D3-BF4B-00C04F79EFBC}") = "FairRations", "FairRations\FairRations.csproj", "{8DC18E77-531A-4EC7-87DB-CF9883750550}"
EndProject
Project("{FAE04EC0-301F-11D3-BF4B-00C04F79EFBC}") = "Day9.Recursion", "Recursion\Day9.Recursion.csproj", "{4705D64A-B92E-418F-9967-07C94F79998E}"
EndProject
Project("{FAE04EC0-301F-11D3-BF4B-00C04F79EFBC}") = "maxsubarraysum", "maxsubarraysum\maxsubarraysum.csproj", "{1B346257-C7AF-47D5-9E74-823ECB49BDC7}"
EndProject
Project("{FAE04EC0-301F-11D3-BF4B-00C04F79EFBC}") = "Day10.BinaryNumbers", "BinaryNumbers\Day10.BinaryNumbers.csproj", "{437BE55D-8A58-4CCD-B851-39ABB0C1B606}"
EndProject
Project("{FAE04EC0-301F-11D3-BF4B-00C04F79EFBC}") = "Day12.Inheritance", "Day12.Inheritance\Day12.Inheritance.csproj", "{DEF9E722-5502-46EC-9B4C-067D3D05CFD3}"
EndProject
Project("{FAE04EC0-301F-11D3-BF4B-00C04F79EFBC}") = "SamAndSubstring", "SamAndSubstring\SamAndSubstring.csproj", "{24FDBE99-B5FF-412A-83CA-A99F9B14B0FC}"
EndProject
Project("{FAE04EC0-301F-11D3-BF4B-00C04F79EFBC}") = "Day14.Scope", "Day14.Scope\Day14.Scope.csproj", "{B463BFC6-7C63-4187-A046-4CA9205E5541}"
EndProject
Project("{FAE04EC0-301F-11D3-BF4B-00C04F79EFBC}") = "Day16.ExceptionsString", "Day16.ExceptionsString\Day16.ExceptionsString.csproj", "{D6F55A27-668A-4105-837B-E59D010BF78E}"
EndProject
Project("{2150E333-8FDC-42A3-9474-1A3956D46DE8}") = "Euler", "Euler", "{07F9896C-8B48-4403-8D5E-2A530F95E06A}"
EndProject
Project("{FAE04EC0-301F-11D3-BF4B-00C04F79EFBC}") = "Euler1", "Euler1\Euler1.csproj", "{414292E0-8F2D-4D71-B5F6-69B8E731F911}"
EndProject
Project("{FAE04EC0-301F-11D3-BF4B-00C04F79EFBC}") = "FindDigits", "FindDigits\FindDigits.csproj", "{E7F99D88-F9BD-4AEE-8AD8-94982FBFC59A}"
EndProject
Project("{FAE04EC0-301F-11D3-BF4B-00C04F79EFBC}") = "SherlockAndSquare", "SherlockAndSquare\SherlockAndSquare.csproj", "{8BA3EA7B-DB13-459F-8D53-6C040AFB78C1}"
EndProject
Project("{FAE04EC0-301F-11D3-BF4B-00C04F79EFBC}") = "SecurityKeySpace", "SecurityKeySpace\SecurityKeySpace.csproj", "{195DC34E-B6C8-41CA-9B4D-9DBDD34B26CD}"
EndProject
Project("{FAE04EC0-301F-11D3-BF4B-00C04F79EFBC}") = "SecurityFuncitionsInverse", "SecurityFuncitionsInverse\SecurityFuncitionsInverse.csproj", "{8E7AE9F1-2EE0-4120-80BB-1427BD839E85}"
EndProject
Project("{FAE04EC0-301F-11D3-BF4B-00C04F79EFBC}") = "Euler6", "Euler6\Euler6.csproj", "{E38082BE-0E75-4540-BCED-77A289F51929}"
EndProject
Project("{2150E333-8FDC-42A3-9474-1A3956D46DE8}") = "DaysCode", "DaysCode", "{BCBF3A39-8F30-4B77-879E-D02D746AE8BF}"
EndProject
Project("{FAE04EC0-301F-11D3-BF4B-00C04F79EFBC}") = "Day3.IntrotoConditionalStatements", "Day3.IntrotoConditionalStatements\Day3.IntrotoConditionalStatements.csproj", "{ECF96316-BA76-4746-9EFF-9B8BDCB549D2}"
EndProject
Project("{FAE04EC0-301F-11D3-BF4B-00C04F79EFBC}") = "Day11.2DArray", "Day11.2DArray\Day11.2DArray.csproj", "{ED1D1DE0-38D6-4C74-AB2C-A78D0A70BDD5}"
EndProject
Project("{FAE04EC0-301F-11D3-BF4B-00C04F79EFBC}") = "Day13.AbstractClasses", "Day13.AbstractClasses\Day13.AbstractClasses.csproj", "{76D754F5-D5B6-46B2-BD8A-50FA41AF58CC}"
EndProject
Project("{FAE04EC0-301F-11D3-BF4B-00C04F79EFBC}") = "Day15.LinkedList", "Day15.LinkedList\Day15.LinkedList.csproj", "{59D90850-B950-4FDA-BA5E-59EACF61BEA9}"
EndProject
Project("{FAE04EC0-301F-11D3-BF4B-00C04F79EFBC}") = "Day17.MoreExceptions", "Day17.MoreExceptions\Day17.MoreExceptions.csproj", "{F89F517E-F436-43D8-99F5-F43F3B20824E}"
EndProject
Global
	GlobalSection(SolutionConfigurationPlatforms) = preSolution
		Debug|Any CPU = Debug|Any CPU
		Release|Any CPU = Release|Any CPU
	EndGlobalSection
	GlobalSection(ProjectConfigurationPlatforms) = postSolution
		{8FEE5980-BF8F-4CF2-BBD9-10D81C14099B}.Debug|Any CPU.ActiveCfg = Debug|Any CPU
		{8FEE5980-BF8F-4CF2-BBD9-10D81C14099B}.Debug|Any CPU.Build.0 = Debug|Any CPU
		{8FEE5980-BF8F-4CF2-BBD9-10D81C14099B}.Release|Any CPU.ActiveCfg = Release|Any CPU
		{8FEE5980-BF8F-4CF2-BBD9-10D81C14099B}.Release|Any CPU.Build.0 = Release|Any CPU
		{E6306E80-B8D2-41A0-A135-83E680BE5F8C}.Debug|Any CPU.ActiveCfg = Debug|Any CPU
		{E6306E80-B8D2-41A0-A135-83E680BE5F8C}.Debug|Any CPU.Build.0 = Debug|Any CPU
		{E6306E80-B8D2-41A0-A135-83E680BE5F8C}.Release|Any CPU.ActiveCfg = Release|Any CPU
		{E6306E80-B8D2-41A0-A135-83E680BE5F8C}.Release|Any CPU.Build.0 = Release|Any CPU
		{AB081F33-A77B-4515-8CD0-8E63B75D1BC9}.Debug|Any CPU.ActiveCfg = Debug|Any CPU
		{AB081F33-A77B-4515-8CD0-8E63B75D1BC9}.Debug|Any CPU.Build.0 = Debug|Any CPU
		{AB081F33-A77B-4515-8CD0-8E63B75D1BC9}.Release|Any CPU.ActiveCfg = Release|Any CPU
		{AB081F33-A77B-4515-8CD0-8E63B75D1BC9}.Release|Any CPU.Build.0 = Release|Any CPU
		{7CB3C764-61AC-4D4D-B9A6-C4CC240AA084}.Debug|Any CPU.ActiveCfg = Debug|Any CPU
		{7CB3C764-61AC-4D4D-B9A6-C4CC240AA084}.Debug|Any CPU.Build.0 = Debug|Any CPU
		{7CB3C764-61AC-4D4D-B9A6-C4CC240AA084}.Release|Any CPU.ActiveCfg = Release|Any CPU
		{7CB3C764-61AC-4D4D-B9A6-C4CC240AA084}.Release|Any CPU.Build.0 = Release|Any CPU
		{01E89AB9-D353-4C94-97EE-021E760D303E}.Debug|Any CPU.ActiveCfg = Debug|Any CPU
		{01E89AB9-D353-4C94-97EE-021E760D303E}.Debug|Any CPU.Build.0 = Debug|Any CPU
		{01E89AB9-D353-4C94-97EE-021E760D303E}.Release|Any CPU.ActiveCfg = Release|Any CPU
		{01E89AB9-D353-4C94-97EE-021E760D303E}.Release|Any CPU.Build.0 = Release|Any CPU
		{E9A4D791-89F4-4275-B166-FE1762C50C85}.Debug|Any CPU.ActiveCfg = Debug|Any CPU
		{E9A4D791-89F4-4275-B166-FE1762C50C85}.Debug|Any CPU.Build.0 = Debug|Any CPU
		{E9A4D791-89F4-4275-B166-FE1762C50C85}.Release|Any CPU.ActiveCfg = Release|Any CPU
		{E9A4D791-89F4-4275-B166-FE1762C50C85}.Release|Any CPU.Build.0 = Release|Any CPU
		{BB6F7EDC-B79B-4B8A-8CCB-FC1898C281CA}.Debug|Any CPU.ActiveCfg = Debug|Any CPU
		{BB6F7EDC-B79B-4B8A-8CCB-FC1898C281CA}.Debug|Any CPU.Build.0 = Debug|Any CPU
		{BB6F7EDC-B79B-4B8A-8CCB-FC1898C281CA}.Release|Any CPU.ActiveCfg = Release|Any CPU
		{BB6F7EDC-B79B-4B8A-8CCB-FC1898C281CA}.Release|Any CPU.Build.0 = Release|Any CPU
		{3994F785-D3ED-461F-8726-69159DBF96E3}.Debug|Any CPU.ActiveCfg = Debug|Any CPU
		{3994F785-D3ED-461F-8726-69159DBF96E3}.Debug|Any CPU.Build.0 = Debug|Any CPU
		{3994F785-D3ED-461F-8726-69159DBF96E3}.Release|Any CPU.ActiveCfg = Release|Any CPU
		{3994F785-D3ED-461F-8726-69159DBF96E3}.Release|Any CPU.Build.0 = Release|Any CPU
		{F2ED9B7B-6E96-4D48-8610-DA1E8C2B65E1}.Debug|Any CPU.ActiveCfg = Debug|Any CPU
		{F2ED9B7B-6E96-4D48-8610-DA1E8C2B65E1}.Debug|Any CPU.Build.0 = Debug|Any CPU
		{F2ED9B7B-6E96-4D48-8610-DA1E8C2B65E1}.Release|Any CPU.ActiveCfg = Release|Any CPU
		{F2ED9B7B-6E96-4D48-8610-DA1E8C2B65E1}.Release|Any CPU.Build.0 = Release|Any CPU
		{F6453263-308A-42E0-A214-63E38E93B1C3}.Debug|Any CPU.ActiveCfg = Debug|Any CPU
		{F6453263-308A-42E0-A214-63E38E93B1C3}.Debug|Any CPU.Build.0 = Debug|Any CPU
		{F6453263-308A-42E0-A214-63E38E93B1C3}.Release|Any CPU.ActiveCfg = Release|Any CPU
		{F6453263-308A-42E0-A214-63E38E93B1C3}.Release|Any CPU.Build.0 = Release|Any CPU
		{AA890B3A-8A2C-4DAE-8D18-F9EEEA9884A1}.Debug|Any CPU.ActiveCfg = Debug|Any CPU
		{AA890B3A-8A2C-4DAE-8D18-F9EEEA9884A1}.Debug|Any CPU.Build.0 = Debug|Any CPU
		{AA890B3A-8A2C-4DAE-8D18-F9EEEA9884A1}.Release|Any CPU.ActiveCfg = Release|Any CPU
		{AA890B3A-8A2C-4DAE-8D18-F9EEEA9884A1}.Release|Any CPU.Build.0 = Release|Any CPU
		{3601559A-A56B-44C7-AC9D-C0E34045B47B}.Debug|Any CPU.ActiveCfg = Debug|Any CPU
		{3601559A-A56B-44C7-AC9D-C0E34045B47B}.Debug|Any CPU.Build.0 = Debug|Any CPU
		{3601559A-A56B-44C7-AC9D-C0E34045B47B}.Release|Any CPU.ActiveCfg = Release|Any CPU
		{3601559A-A56B-44C7-AC9D-C0E34045B47B}.Release|Any CPU.Build.0 = Release|Any CPU
		{294CCD74-3A10-4A5C-899D-975A3189CFEB}.Debug|Any CPU.ActiveCfg = Debug|Any CPU
		{294CCD74-3A10-4A5C-899D-975A3189CFEB}.Debug|Any CPU.Build.0 = Debug|Any CPU
		{294CCD74-3A10-4A5C-899D-975A3189CFEB}.Release|Any CPU.ActiveCfg = Release|Any CPU
		{294CCD74-3A10-4A5C-899D-975A3189CFEB}.Release|Any CPU.Build.0 = Release|Any CPU
		{C86395EE-F011-48BA-9D7D-E355E762EC6D}.Debug|Any CPU.ActiveCfg = Debug|Any CPU
		{C86395EE-F011-48BA-9D7D-E355E762EC6D}.Debug|Any CPU.Build.0 = Debug|Any CPU
		{C86395EE-F011-48BA-9D7D-E355E762EC6D}.Release|Any CPU.ActiveCfg = Release|Any CPU
		{C86395EE-F011-48BA-9D7D-E355E762EC6D}.Release|Any CPU.Build.0 = Release|Any CPU
		{C4B018DB-1772-4C30-8336-0B13B41EEEAD}.Debug|Any CPU.ActiveCfg = Debug|Any CPU
		{C4B018DB-1772-4C30-8336-0B13B41EEEAD}.Debug|Any CPU.Build.0 = Debug|Any CPU
		{C4B018DB-1772-4C30-8336-0B13B41EEEAD}.Release|Any CPU.ActiveCfg = Release|Any CPU
		{C4B018DB-1772-4C30-8336-0B13B41EEEAD}.Release|Any CPU.Build.0 = Release|Any CPU
		{8124E202-E8DD-485D-B0F8-9E4460A37BF1}.Debug|Any CPU.ActiveCfg = Debug|Any CPU
		{8124E202-E8DD-485D-B0F8-9E4460A37BF1}.Debug|Any CPU.Build.0 = Debug|Any CPU
		{8124E202-E8DD-485D-B0F8-9E4460A37BF1}.Release|Any CPU.ActiveCfg = Release|Any CPU
		{8124E202-E8DD-485D-B0F8-9E4460A37BF1}.Release|Any CPU.Build.0 = Release|Any CPU
		{C0F2A239-EE1A-47E4-A144-3E5F711035C8}.Debug|Any CPU.ActiveCfg = Debug|Any CPU
		{C0F2A239-EE1A-47E4-A144-3E5F711035C8}.Debug|Any CPU.Build.0 = Debug|Any CPU
		{C0F2A239-EE1A-47E4-A144-3E5F711035C8}.Release|Any CPU.ActiveCfg = Release|Any CPU
		{C0F2A239-EE1A-47E4-A144-3E5F711035C8}.Release|Any CPU.Build.0 = Release|Any CPU
		{BCBB5593-78B3-4840-ABE6-E7B64192D59B}.Debug|Any CPU.ActiveCfg = Debug|Any CPU
		{BCBB5593-78B3-4840-ABE6-E7B64192D59B}.Debug|Any CPU.Build.0 = Debug|Any CPU
		{BCBB5593-78B3-4840-ABE6-E7B64192D59B}.Release|Any CPU.ActiveCfg = Release|Any CPU
		{BCBB5593-78B3-4840-ABE6-E7B64192D59B}.Release|Any CPU.Build.0 = Release|Any CPU
		{7F585D95-21E9-445E-A613-7F23C7492A48}.Debug|Any CPU.ActiveCfg = Debug|Any CPU
		{7F585D95-21E9-445E-A613-7F23C7492A48}.Debug|Any CPU.Build.0 = Debug|Any CPU
		{7F585D95-21E9-445E-A613-7F23C7492A48}.Release|Any CPU.ActiveCfg = Release|Any CPU
		{7F585D95-21E9-445E-A613-7F23C7492A48}.Release|Any CPU.Build.0 = Release|Any CPU
		{B3E3BD09-EC6E-4DA9-8382-DD5F4964A6A1}.Debug|Any CPU.ActiveCfg = Debug|Any CPU
		{B3E3BD09-EC6E-4DA9-8382-DD5F4964A6A1}.Debug|Any CPU.Build.0 = Debug|Any CPU
		{B3E3BD09-EC6E-4DA9-8382-DD5F4964A6A1}.Release|Any CPU.ActiveCfg = Release|Any CPU
		{B3E3BD09-EC6E-4DA9-8382-DD5F4964A6A1}.Release|Any CPU.Build.0 = Release|Any CPU
		{8DC18E77-531A-4EC7-87DB-CF9883750550}.Debug|Any CPU.ActiveCfg = Debug|Any CPU
		{8DC18E77-531A-4EC7-87DB-CF9883750550}.Debug|Any CPU.Build.0 = Debug|Any CPU
		{8DC18E77-531A-4EC7-87DB-CF9883750550}.Release|Any CPU.ActiveCfg = Release|Any CPU
		{8DC18E77-531A-4EC7-87DB-CF9883750550}.Release|Any CPU.Build.0 = Release|Any CPU
		{4705D64A-B92E-418F-9967-07C94F79998E}.Debug|Any CPU.ActiveCfg = Debug|Any CPU
		{4705D64A-B92E-418F-9967-07C94F79998E}.Debug|Any CPU.Build.0 = Debug|Any CPU
		{4705D64A-B92E-418F-9967-07C94F79998E}.Release|Any CPU.ActiveCfg = Release|Any CPU
		{4705D64A-B92E-418F-9967-07C94F79998E}.Release|Any CPU.Build.0 = Release|Any CPU
		{1B346257-C7AF-47D5-9E74-823ECB49BDC7}.Debug|Any CPU.ActiveCfg = Debug|Any CPU
		{1B346257-C7AF-47D5-9E74-823ECB49BDC7}.Debug|Any CPU.Build.0 = Debug|Any CPU
		{1B346257-C7AF-47D5-9E74-823ECB49BDC7}.Release|Any CPU.ActiveCfg = Release|Any CPU
		{1B346257-C7AF-47D5-9E74-823ECB49BDC7}.Release|Any CPU.Build.0 = Release|Any CPU
		{437BE55D-8A58-4CCD-B851-39ABB0C1B606}.Debug|Any CPU.ActiveCfg = Debug|Any CPU
		{437BE55D-8A58-4CCD-B851-39ABB0C1B606}.Debug|Any CPU.Build.0 = Debug|Any CPU
		{437BE55D-8A58-4CCD-B851-39ABB0C1B606}.Release|Any CPU.ActiveCfg = Release|Any CPU
		{437BE55D-8A58-4CCD-B851-39ABB0C1B606}.Release|Any CPU.Build.0 = Release|Any CPU
		{DEF9E722-5502-46EC-9B4C-067D3D05CFD3}.Debug|Any CPU.ActiveCfg = Debug|Any CPU
		{DEF9E722-5502-46EC-9B4C-067D3D05CFD3}.Debug|Any CPU.Build.0 = Debug|Any CPU
		{DEF9E722-5502-46EC-9B4C-067D3D05CFD3}.Release|Any CPU.ActiveCfg = Release|Any CPU
		{DEF9E722-5502-46EC-9B4C-067D3D05CFD3}.Release|Any CPU.Build.0 = Release|Any CPU
		{24FDBE99-B5FF-412A-83CA-A99F9B14B0FC}.Debug|Any CPU.ActiveCfg = Debug|Any CPU
		{24FDBE99-B5FF-412A-83CA-A99F9B14B0FC}.Debug|Any CPU.Build.0 = Debug|Any CPU
		{24FDBE99-B5FF-412A-83CA-A99F9B14B0FC}.Release|Any CPU.ActiveCfg = Release|Any CPU
		{24FDBE99-B5FF-412A-83CA-A99F9B14B0FC}.Release|Any CPU.Build.0 = Release|Any CPU
		{B463BFC6-7C63-4187-A046-4CA9205E5541}.Debug|Any CPU.ActiveCfg = Debug|Any CPU
		{B463BFC6-7C63-4187-A046-4CA9205E5541}.Debug|Any CPU.Build.0 = Debug|Any CPU
		{B463BFC6-7C63-4187-A046-4CA9205E5541}.Release|Any CPU.ActiveCfg = Release|Any CPU
		{B463BFC6-7C63-4187-A046-4CA9205E5541}.Release|Any CPU.Build.0 = Release|Any CPU
		{D6F55A27-668A-4105-837B-E59D010BF78E}.Debug|Any CPU.ActiveCfg = Debug|Any CPU
		{D6F55A27-668A-4105-837B-E59D010BF78E}.Debug|Any CPU.Build.0 = Debug|Any CPU
		{D6F55A27-668A-4105-837B-E59D010BF78E}.Release|Any CPU.ActiveCfg = Release|Any CPU
		{D6F55A27-668A-4105-837B-E59D010BF78E}.Release|Any CPU.Build.0 = Release|Any CPU
		{414292E0-8F2D-4D71-B5F6-69B8E731F911}.Debug|Any CPU.ActiveCfg = Debug|Any CPU
		{414292E0-8F2D-4D71-B5F6-69B8E731F911}.Debug|Any CPU.Build.0 = Debug|Any CPU
		{414292E0-8F2D-4D71-B5F6-69B8E731F911}.Release|Any CPU.ActiveCfg = Release|Any CPU
		{414292E0-8F2D-4D71-B5F6-69B8E731F911}.Release|Any CPU.Build.0 = Release|Any CPU
		{E7F99D88-F9BD-4AEE-8AD8-94982FBFC59A}.Debug|Any CPU.ActiveCfg = Debug|Any CPU
		{E7F99D88-F9BD-4AEE-8AD8-94982FBFC59A}.Debug|Any CPU.Build.0 = Debug|Any CPU
		{E7F99D88-F9BD-4AEE-8AD8-94982FBFC59A}.Release|Any CPU.ActiveCfg = Release|Any CPU
		{E7F99D88-F9BD-4AEE-8AD8-94982FBFC59A}.Release|Any CPU.Build.0 = Release|Any CPU
		{8BA3EA7B-DB13-459F-8D53-6C040AFB78C1}.Debug|Any CPU.ActiveCfg = Debug|Any CPU
		{8BA3EA7B-DB13-459F-8D53-6C040AFB78C1}.Debug|Any CPU.Build.0 = Debug|Any CPU
		{8BA3EA7B-DB13-459F-8D53-6C040AFB78C1}.Release|Any CPU.ActiveCfg = Release|Any CPU
		{8BA3EA7B-DB13-459F-8D53-6C040AFB78C1}.Release|Any CPU.Build.0 = Release|Any CPU
		{195DC34E-B6C8-41CA-9B4D-9DBDD34B26CD}.Debug|Any CPU.ActiveCfg = Debug|Any CPU
		{195DC34E-B6C8-41CA-9B4D-9DBDD34B26CD}.Debug|Any CPU.Build.0 = Debug|Any CPU
		{195DC34E-B6C8-41CA-9B4D-9DBDD34B26CD}.Release|Any CPU.ActiveCfg = Release|Any CPU
		{195DC34E-B6C8-41CA-9B4D-9DBDD34B26CD}.Release|Any CPU.Build.0 = Release|Any CPU
		{8E7AE9F1-2EE0-4120-80BB-1427BD839E85}.Debug|Any CPU.ActiveCfg = Debug|Any CPU
		{8E7AE9F1-2EE0-4120-80BB-1427BD839E85}.Debug|Any CPU.Build.0 = Debug|Any CPU
		{8E7AE9F1-2EE0-4120-80BB-1427BD839E85}.Release|Any CPU.ActiveCfg = Release|Any CPU
		{8E7AE9F1-2EE0-4120-80BB-1427BD839E85}.Release|Any CPU.Build.0 = Release|Any CPU
		{E38082BE-0E75-4540-BCED-77A289F51929}.Debug|Any CPU.ActiveCfg = Debug|Any CPU
		{E38082BE-0E75-4540-BCED-77A289F51929}.Debug|Any CPU.Build.0 = Debug|Any CPU
		{E38082BE-0E75-4540-BCED-77A289F51929}.Release|Any CPU.ActiveCfg = Release|Any CPU
		{E38082BE-0E75-4540-BCED-77A289F51929}.Release|Any CPU.Build.0 = Release|Any CPU
		{ECF96316-BA76-4746-9EFF-9B8BDCB549D2}.Debug|Any CPU.ActiveCfg = Debug|Any CPU
		{ECF96316-BA76-4746-9EFF-9B8BDCB549D2}.Debug|Any CPU.Build.0 = Debug|Any CPU
		{ECF96316-BA76-4746-9EFF-9B8BDCB549D2}.Release|Any CPU.ActiveCfg = Release|Any CPU
		{ECF96316-BA76-4746-9EFF-9B8BDCB549D2}.Release|Any CPU.Build.0 = Release|Any CPU
		{ED1D1DE0-38D6-4C74-AB2C-A78D0A70BDD5}.Debug|Any CPU.ActiveCfg = Debug|Any CPU
		{ED1D1DE0-38D6-4C74-AB2C-A78D0A70BDD5}.Debug|Any CPU.Build.0 = Debug|Any CPU
		{ED1D1DE0-38D6-4C74-AB2C-A78D0A70BDD5}.Release|Any CPU.ActiveCfg = Release|Any CPU
		{ED1D1DE0-38D6-4C74-AB2C-A78D0A70BDD5}.Release|Any CPU.Build.0 = Release|Any CPU
		{76D754F5-D5B6-46B2-BD8A-50FA41AF58CC}.Debug|Any CPU.ActiveCfg = Debug|Any CPU
		{76D754F5-D5B6-46B2-BD8A-50FA41AF58CC}.Debug|Any CPU.Build.0 = Debug|Any CPU
		{76D754F5-D5B6-46B2-BD8A-50FA41AF58CC}.Release|Any CPU.ActiveCfg = Release|Any CPU
		{76D754F5-D5B6-46B2-BD8A-50FA41AF58CC}.Release|Any CPU.Build.0 = Release|Any CPU
		{59D90850-B950-4FDA-BA5E-59EACF61BEA9}.Debug|Any CPU.ActiveCfg = Debug|Any CPU
		{59D90850-B950-4FDA-BA5E-59EACF61BEA9}.Debug|Any CPU.Build.0 = Debug|Any CPU
		{59D90850-B950-4FDA-BA5E-59EACF61BEA9}.Release|Any CPU.ActiveCfg = Release|Any CPU
		{59D90850-B950-4FDA-BA5E-59EACF61BEA9}.Release|Any CPU.Build.0 = Release|Any CPU
		{F89F517E-F436-43D8-99F5-F43F3B20824E}.Debug|Any CPU.ActiveCfg = Debug|Any CPU
		{F89F517E-F436-43D8-99F5-F43F3B20824E}.Debug|Any CPU.Build.0 = Debug|Any CPU
		{F89F517E-F436-43D8-99F5-F43F3B20824E}.Release|Any CPU.ActiveCfg = Release|Any CPU
		{F89F517E-F436-43D8-99F5-F43F3B20824E}.Release|Any CPU.Build.0 = Release|Any CPU
	EndGlobalSection
	GlobalSection(SolutionProperties) = preSolution
		HideSolutionNode = FALSE
	EndGlobalSection
	GlobalSection(NestedProjects) = preSolution
		{E6306E80-B8D2-41A0-A135-83E680BE5F8C} = {BCBF3A39-8F30-4B77-879E-D02D746AE8BF}
		{294CCD74-3A10-4A5C-899D-975A3189CFEB} = {BCBF3A39-8F30-4B77-879E-D02D746AE8BF}
		{C4B018DB-1772-4C30-8336-0B13B41EEEAD} = {BCBF3A39-8F30-4B77-879E-D02D746AE8BF}
		{8124E202-E8DD-485D-B0F8-9E4460A37BF1} = {BCBF3A39-8F30-4B77-879E-D02D746AE8BF}
		{C0F2A239-EE1A-47E4-A144-3E5F711035C8} = {BCBF3A39-8F30-4B77-879E-D02D746AE8BF}
		{BCBB5593-78B3-4840-ABE6-E7B64192D59B} = {5A1E61B7-3564-446C-9C00-9ABBB9B35F7F}
		{7F585D95-21E9-445E-A613-7F23C7492A48} = {BCBF3A39-8F30-4B77-879E-D02D746AE8BF}
		{B3E3BD09-EC6E-4DA9-8382-DD5F4964A6A1} = {BCBF3A39-8F30-4B77-879E-D02D746AE8BF}
		{4705D64A-B92E-418F-9967-07C94F79998E} = {BCBF3A39-8F30-4B77-879E-D02D746AE8BF}
		{437BE55D-8A58-4CCD-B851-39ABB0C1B606} = {BCBF3A39-8F30-4B77-879E-D02D746AE8BF}
		{DEF9E722-5502-46EC-9B4C-067D3D05CFD3} = {BCBF3A39-8F30-4B77-879E-D02D746AE8BF}
		{B463BFC6-7C63-4187-A046-4CA9205E5541} = {BCBF3A39-8F30-4B77-879E-D02D746AE8BF}
		{D6F55A27-668A-4105-837B-E59D010BF78E} = {BCBF3A39-8F30-4B77-879E-D02D746AE8BF}
		{414292E0-8F2D-4D71-B5F6-69B8E731F911} = {07F9896C-8B48-4403-8D5E-2A530F95E06A}
		{E38082BE-0E75-4540-BCED-77A289F51929} = {07F9896C-8B48-4403-8D5E-2A530F95E06A}
		{ECF96316-BA76-4746-9EFF-9B8BDCB549D2} = {BCBF3A39-8F30-4B77-879E-D02D746AE8BF}
		{ED1D1DE0-38D6-4C74-AB2C-A78D0A70BDD5} = {BCBF3A39-8F30-4B77-879E-D02D746AE8BF}
		{76D754F5-D5B6-46B2-BD8A-50FA41AF58CC} = {BCBF3A39-8F30-4B77-879E-D02D746AE8BF}
		{59D90850-B950-4FDA-BA5E-59EACF61BEA9} = {BCBF3A39-8F30-4B77-879E-D02D746AE8BF}
		{F89F517E-F436-43D8-99F5-F43F3B20824E} = {BCBF3A39-8F30-4B77-879E-D02D746AE8BF}
	EndGlobalSection
EndGlobal
